
Microsoft Visual Studio Solution File, Format Version 12.00
Project("{FAE04EC0-301F-11D3-BF4B-00C04F79EFBC}") = "Brewery.Domain", "Brewery.Domain\Brewery.Domain.csproj", "{8FDA9557-F9F0-4CB3-9DB5-BFA1D4B7E593}"
EndProject
Project("{FAE04EC0-301F-11D3-BF4B-00C04F79EFBC}") = "Brewery.Application", "Brewery.Application\Brewery.Application.csproj", "{4E91AE5F-4E6C-46F6-B9F9-4D96D2C2E14F}"
EndProject
Project("{FAE04EC0-301F-11D3-BF4B-00C04F79EFBC}") = "Brewery.Persistence", "Brewery.Persistence\Brewery.Persistence.csproj", "{99B2D8C4-CDA4-4758-A02E-97DFB234CD66}"
EndProject
Project("{FAE04EC0-301F-11D3-BF4B-00C04F79EFBC}") = "Brewery.Infrastructure", "Brewery.Infrastructure\Brewery.Infrastructure.csproj", "{1C9BB451-048A-4A49-8986-BC3CD50EA631}"
EndProject
Project("{FAE04EC0-301F-11D3-BF4B-00C04F79EFBC}") = "Brewery.TelegramBot", "Brewery.TelegramBot\Brewery.TelegramBot.csproj", "{CF65AB2B-8323-4FFC-8A52-5AA7039E2594}"
EndProject
Project("{FAE04EC0-301F-11D3-BF4B-00C04F79EFBC}") = "Brewery.API", "Brewery.API\Brewery.API.csproj", "{79259A4E-5216-456E-B659-38A2BC58A3E9}"
EndProject
Project("{FAE04EC0-301F-11D3-BF4B-00C04F79EFBC}") = "Brewery.WebApp", "Brewery.WebApp\Brewery.WebApp.csproj", "{F431FB36-DB9C-4010-AC5C-D478181630E3}"
EndProject
Global
	GlobalSection(SolutionConfigurationPlatforms) = preSolution
		Debug|Any CPU = Debug|Any CPU
		Release|Any CPU = Release|Any CPU
	EndGlobalSection
	GlobalSection(ProjectConfigurationPlatforms) = postSolution
		{8FDA9557-F9F0-4CB3-9DB5-BFA1D4B7E593}.Debug|Any CPU.ActiveCfg = Debug|Any CPU
		{8FDA9557-F9F0-4CB3-9DB5-BFA1D4B7E593}.Debug|Any CPU.Build.0 = Debug|Any CPU
		{8FDA9557-F9F0-4CB3-9DB5-BFA1D4B7E593}.Release|Any CPU.ActiveCfg = Release|Any CPU
		{8FDA9557-F9F0-4CB3-9DB5-BFA1D4B7E593}.Release|Any CPU.Build.0 = Release|Any CPU
		{4E91AE5F-4E6C-46F6-B9F9-4D96D2C2E14F}.Debug|Any CPU.ActiveCfg = Debug|Any CPU
		{4E91AE5F-4E6C-46F6-B9F9-4D96D2C2E14F}.Debug|Any CPU.Build.0 = Debug|Any CPU
		{4E91AE5F-4E6C-46F6-B9F9-4D96D2C2E14F}.Release|Any CPU.ActiveCfg = Release|Any CPU
		{4E91AE5F-4E6C-46F6-B9F9-4D96D2C2E14F}.Release|Any CPU.Build.0 = Release|Any CPU
		{99B2D8C4-CDA4-4758-A02E-97DFB234CD66}.Debug|Any CPU.ActiveCfg = Debug|Any CPU
		{99B2D8C4-CDA4-4758-A02E-97DFB234CD66}.Debug|Any CPU.Build.0 = Debug|Any CPU
		{99B2D8C4-CDA4-4758-A02E-97DFB234CD66}.Release|Any CPU.ActiveCfg = Release|Any CPU
		{99B2D8C4-CDA4-4758-A02E-97DFB234CD66}.Release|Any CPU.Build.0 = Release|Any CPU
		{1C9BB451-048A-4A49-8986-BC3CD50EA631}.Debug|Any CPU.ActiveCfg = Debug|Any CPU
		{1C9BB451-048A-4A49-8986-BC3CD50EA631}.Debug|Any CPU.Build.0 = Debug|Any CPU
		{1C9BB451-048A-4A49-8986-BC3CD50EA631}.Release|Any CPU.ActiveCfg = Release|Any CPU
		{1C9BB451-048A-4A49-8986-BC3CD50EA631}.Release|Any CPU.Build.0 = Release|Any CPU
		{CF65AB2B-8323-4FFC-8A52-5AA7039E2594}.Debug|Any CPU.ActiveCfg = Debug|Any CPU
		{CF65AB2B-8323-4FFC-8A52-5AA7039E2594}.Debug|Any CPU.Build.0 = Debug|Any CPU
		{CF65AB2B-8323-4FFC-8A52-5AA7039E2594}.Release|Any CPU.ActiveCfg = Release|Any CPU
		{CF65AB2B-8323-4FFC-8A52-5AA7039E2594}.Release|Any CPU.Build.0 = Release|Any CPU
		{79259A4E-5216-456E-B659-38A2BC58A3E9}.Debug|Any CPU.ActiveCfg = Debug|Any CPU
		{79259A4E-5216-456E-B659-38A2BC58A3E9}.Debug|Any CPU.Build.0 = Debug|Any CPU
		{79259A4E-5216-456E-B659-38A2BC58A3E9}.Release|Any CPU.ActiveCfg = Release|Any CPU
		{79259A4E-5216-456E-B659-38A2BC58A3E9}.Release|Any CPU.Build.0 = Release|Any CPU
		{F431FB36-DB9C-4010-AC5C-D478181630E3}.Debug|Any CPU.ActiveCfg = Debug|Any CPU
		{F431FB36-DB9C-4010-AC5C-D478181630E3}.Debug|Any CPU.Build.0 = Debug|Any CPU
		{F431FB36-DB9C-4010-AC5C-D478181630E3}.Release|Any CPU.ActiveCfg = Release|Any CPU
		{F431FB36-DB9C-4010-AC5C-D478181630E3}.Release|Any CPU.Build.0 = Release|Any CPU
	EndGlobalSection
EndGlobal
